<?xml version="1.0" encoding="utf-8"?>
<Project ToolsVersion="4.0" xmlns="http://schemas.microsoft.com/developer/msbuild/2003">
  <ItemGroup>
    <Filter Include="src">
      <UniqueIdentifier>{8114cf2b-99c6-4248-adad-24d5ad9874c0}</UniqueIdentifier>
    </Filter>
    <Filter Include="src\behavioral">
      <UniqueIdentifier>{3a5f8324-9caf-4fb8-a9f5-9b1135f4b74d}</UniqueIdentifier>
    </Filter>
    <Filter Include="src\creational">
      <UniqueIdentifier>{469680c8-494a-4802-9de0-5f9d0b012caa}</UniqueIdentifier>
    </Filter>
    <Filter Include="src\structural">
      <UniqueIdentifier>{01963786-8cbe-4a35-b0af-97a73df216cf}</UniqueIdentifier>
    </Filter>
  </ItemGroup>
  <ItemGroup>
    <ClInclude Include="src\pattern\creational\builder_test.h" />
    <ClInclude Include="src\pattern\creational\factory_test.h" />
    <ClInclude Include="src\pattern\creational\prototype_test.h" />
  </ItemGroup>
  <ItemGroup>
    <ClCompile Include="main.cpp" />
    <ClCompile Include="src\pattern\creational\builder_test.cpp" />
    <ClCompile Include="src\pattern\creational\factory_test.cpp" />
    <ClCompile Include="src\pattern\creational\prototype_test.cpp" />
    <ClCompile Include="src\physics\kinematics\kinematics.cpp" />
    <ClCompile Include="src\physics\force\force.cpp" />
    <ClCompile Include="src\physics\collision\collision.cpp" />
    <ClCompile Include="src\tools\math\complex_test.cpp" />
    <ClCompile Include="src\tools\math\quaternion_test.cpp" />
  </ItemGroup>
</Project>